
Microsoft Visual Studio Solution File, Format Version 12.00
# Visual Studio 14
VisualStudioVersion = 14.0.25420.1
MinimumVisualStudioVersion = 10.0.40219.1
Project("{FAE04EC0-301F-11D3-BF4B-00C04F79EFBC}") = "codility-demo-test", "codility-demo-test.csproj", "{23E37228-8E71-4DD2-8CF2-3C4D49F0104F}"
EndProject
Project("{FAE04EC0-301F-11D3-BF4B-00C04F79EFBC}") = "codility-demo-test.test", "..\..\..\test\codility-demo-test.test\codility-demo-test.test.csproj", "{87FB2D89-7712-4A06-ADDB-197C4E7DE5F2}"
EndProject
Global
	GlobalSection(SolutionConfigurationPlatforms) = preSolution
		Debug|Any CPU = Debug|Any CPU
		Release|Any CPU = Release|Any CPU
	EndGlobalSection
	GlobalSection(ProjectConfigurationPlatforms) = postSolution
		{23E37228-8E71-4DD2-8CF2-3C4D49F0104F}.Debug|Any CPU.ActiveCfg = Debug|Any CPU
		{23E37228-8E71-4DD2-8CF2-3C4D49F0104F}.Debug|Any CPU.Build.0 = Debug|Any CPU
		{23E37228-8E71-4DD2-8CF2-3C4D49F0104F}.Release|Any CPU.ActiveCfg = Release|Any CPU
		{23E37228-8E71-4DD2-8CF2-3C4D49F0104F}.Release|Any CPU.Build.0 = Release|Any CPU
		{87FB2D89-7712-4A06-ADDB-197C4E7DE5F2}.Debug|Any CPU.ActiveCfg = Debug|Any CPU
		{87FB2D89-7712-4A06-ADDB-197C4E7DE5F2}.Debug|Any CPU.Build.0 = Debug|Any CPU
		{87FB2D89-7712-4A06-ADDB-197C4E7DE5F2}.Release|Any CPU.ActiveCfg = Release|Any CPU
		{87FB2D89-7712-4A06-ADDB-197C4E7DE5F2}.Release|Any CPU.Build.0 = Release|Any CPU
	EndGlobalSection
	GlobalSection(SolutionProperties) = preSolution
		HideSolutionNode = FALSE
	EndGlobalSection
EndGlobal
